
Microsoft Visual Studio Solution File, Format Version 12.00
# Visual Studio Version 17
VisualStudioVersion = 17.6.33815.320
MinimumVisualStudioVersion = 10.0.40219.1
Project("{FAE04EC0-301F-11D3-BF4B-00C04F79EFBC}") = "Master_Page_loginRegister", "Master_Page_loginRegister\Master_Page_loginRegister.csproj", "{1C869E07-BAE2-46AB-98CF-1E46D78DD361}"
EndProject
Global
	GlobalSection(SolutionConfigurationPlatforms) = preSolution
		Debug|Any CPU = Debug|Any CPU
		Release|Any CPU = Release|Any CPU
	EndGlobalSection
	GlobalSection(ProjectConfigurationPlatforms) = postSolution
		{1C869E07-BAE2-46AB-98CF-1E46D78DD361}.Debug|Any CPU.ActiveCfg = Debug|Any CPU
		{1C869E07-BAE2-46AB-98CF-1E46D78DD361}.Debug|Any CPU.Build.0 = Debug|Any CPU
		{1C869E07-BAE2-46AB-98CF-1E46D78DD361}.Release|Any CPU.ActiveCfg = Release|Any CPU
		{1C869E07-BAE2-46AB-98CF-1E46D78DD361}.Release|Any CPU.Build.0 = Release|Any CPU
	EndGlobalSection
	GlobalSection(SolutionProperties) = preSolution
		HideSolutionNode = FALSE
	EndGlobalSection
	GlobalSection(ExtensibilityGlobals) = postSolution
		SolutionGuid = {AD015514-CDB1-4AF0-BD56-78D16336A28E}
	EndGlobalSection
EndGlobal
